
Microsoft Visual Studio Solution File, Format Version 12.00
# Visual Studio 15
VisualStudioVersion = 15.0.28307.421
MinimumVisualStudioVersion = 10.0.40219.1
Project("{FAE04EC0-301F-11D3-BF4B-00C04F79EFBC}") = "GifMaker2", "GifMaker2\GifMaker2.csproj", "{F77F27F5-C2BA-47C8-B13D-B3FD5672C687}"
EndProject
Global
	GlobalSection(SolutionConfigurationPlatforms) = preSolution
		Debug|Any CPU = Debug|Any CPU
		Release|Any CPU = Release|Any CPU
	EndGlobalSection
	GlobalSection(ProjectConfigurationPlatforms) = postSolution
		{F77F27F5-C2BA-47C8-B13D-B3FD5672C687}.Debug|Any CPU.ActiveCfg = Debug|Any CPU
		{F77F27F5-C2BA-47C8-B13D-B3FD5672C687}.Debug|Any CPU.Build.0 = Debug|Any CPU
		{F77F27F5-C2BA-47C8-B13D-B3FD5672C687}.Release|Any CPU.ActiveCfg = Release|Any CPU
		{F77F27F5-C2BA-47C8-B13D-B3FD5672C687}.Release|Any CPU.Build.0 = Release|Any CPU
	EndGlobalSection
	GlobalSection(SolutionProperties) = preSolution
		HideSolutionNode = FALSE
	EndGlobalSection
	GlobalSection(ExtensibilityGlobals) = postSolution
		SolutionGuid = {8393191B-252A-4932-8238-C29CE7C4371B}
	EndGlobalSection
EndGlobal
